{
	"name": "evaluator-entry",
	"version": "0.0.1",
	"lockfileVersion": 3,
	"requires": true,
	"packages": {
		"": {
			"name": "evaluator-entry",
			"version": "0.0.1",
			"dependencies": {
				"@types/node": "20.x",
				"@vscode/extension-telemetry": "^0.9.8",
				"node-fetch": "2.6.7",
				"socket.io-client": "^4.7.5",
				"tslib": "^2.6.2",
				"vscode-tas-client": "^0.1.84"
			},
			"engines": {
				"vscode": "^1.55.0"
			}
		},
		"node_modules/@microsoft/1ds-core-js": {
			"version": "4.3.6",
			"resolved": "https://registry.npmmirror.com/@microsoft/1ds-core-js/-/1ds-core-js-4.3.6.tgz",
			"integrity": "sha512-m2zBJVPZPaYwbAum5EDaSGmTKEtTDH1bYrtZmVAaAjqjUJxxXyeChaH5MQ45sTPaU7pDPqTclMxX2IglecPzDw==",
			"license": "MIT",
			"dependencies": {
				"@microsoft/applicationinsights-core-js": "3.3.6",
				"@microsoft/applicationinsights-shims": "3.0.1",
				"@microsoft/dynamicproto-js": "^2.0.3",
				"@nevware21/ts-async": ">= 0.5.4 < 2.x",
				"@nevware21/ts-utils": ">= 0.11.8 < 2.x"
			}
		},
		"node_modules/@microsoft/1ds-post-js": {
			"version": "4.3.6",
			"resolved": "https://registry.npmmirror.com/@microsoft/1ds-post-js/-/1ds-post-js-4.3.6.tgz",
			"integrity": "sha512-Y5smwD6iVcSWfcMxVtno22eKxWbILC0t05fA3Zp42Q0Ybn41aCp73Cziaja1uyRHRTwg0Dh6KooJXMklcN3ibQ==",
			"license": "MIT",
			"dependencies": {
				"@microsoft/1ds-core-js": "4.3.6",
				"@microsoft/applicationinsights-shims": "3.0.1",
				"@microsoft/dynamicproto-js": "^2.0.3",
				"@nevware21/ts-async": ">= 0.5.4 < 2.x",
				"@nevware21/ts-utils": ">= 0.11.8 < 2.x"
			}
		},
		"node_modules/@microsoft/applicationinsights-channel-js": {
			"version": "3.3.6",
			"resolved": "https://registry.npmmirror.com/@microsoft/applicationinsights-channel-js/-/applicationinsights-channel-js-3.3.6.tgz",
			"integrity": "sha512-dnFpTaviD8Ufx3ZJnionvSffwbOwo5EbcsQoIIWV3IC3i4dR6v45Ct7SsQMmyrhMEJYkPD7ddvKdgH89OYuCbQ==",
			"license": "MIT",
			"dependencies": {
				"@microsoft/applicationinsights-common": "3.3.6",
				"@microsoft/applicationinsights-core-js": "3.3.6",
				"@microsoft/applicationinsights-shims": "3.0.1",
				"@microsoft/dynamicproto-js": "^2.0.3",
				"@nevware21/ts-async": ">= 0.5.4 < 2.x",
				"@nevware21/ts-utils": ">= 0.11.8 < 2.x"
			},
			"peerDependencies": {
				"tslib": ">= 1.0.0"
			}
		},
		"node_modules/@microsoft/applicationinsights-common": {
			"version": "3.3.6",
			"resolved": "https://registry.npmmirror.com/@microsoft/applicationinsights-common/-/applicationinsights-common-3.3.6.tgz",
			"integrity": "sha512-XuqWwbDSW7DuagcUy9Op7UFZeAyjU9RWuIQppxlTGrITa7PF5QmsyvjCiSsBRy7vMt/q42qnmOYoHwhL7KoyOQ==",
			"license": "MIT",
			"dependencies": {
				"@microsoft/applicationinsights-core-js": "3.3.6",
				"@microsoft/applicationinsights-shims": "3.0.1",
				"@microsoft/dynamicproto-js": "^2.0.3",
				"@nevware21/ts-utils": ">= 0.11.8 < 2.x"
			},
			"peerDependencies": {
				"tslib": ">= 1.0.0"
			}
		},
		"node_modules/@microsoft/applicationinsights-core-js": {
			"version": "3.3.6",
			"resolved": "https://registry.npmmirror.com/@microsoft/applicationinsights-core-js/-/applicationinsights-core-js-3.3.6.tgz",
			"integrity": "sha512-Yv09rk/QdLhM4Dr29WKi4xWmsnTJpuGE95kuKsBxSlzFYlC3foYAZ5wowsNU6Yscpv6TJQRd6RksMIEGV6Uz5Q==",
			"license": "MIT",
			"dependencies": {
				"@microsoft/applicationinsights-shims": "3.0.1",
				"@microsoft/dynamicproto-js": "^2.0.3",
				"@nevware21/ts-async": ">= 0.5.4 < 2.x",
				"@nevware21/ts-utils": ">= 0.11.8 < 2.x"
			},
			"peerDependencies": {
				"tslib": ">= 1.0.0"
			}
		},
		"node_modules/@microsoft/applicationinsights-shims": {
			"version": "3.0.1",
			"resolved": "https://registry.npmmirror.com/@microsoft/applicationinsights-shims/-/applicationinsights-shims-3.0.1.tgz",
			"integrity": "sha512-DKwboF47H1nb33rSUfjqI6ryX29v+2QWcTrRvcQDA32AZr5Ilkr7whOOSsD1aBzwqX0RJEIP1Z81jfE3NBm/Lg==",
			"license": "MIT",
			"dependencies": {
				"@nevware21/ts-utils": ">= 0.9.4 < 2.x"
			}
		},
		"node_modules/@microsoft/applicationinsights-web-basic": {
			"version": "3.3.6",
			"resolved": "https://registry.npmmirror.com/@microsoft/applicationinsights-web-basic/-/applicationinsights-web-basic-3.3.6.tgz",
			"integrity": "sha512-qabSiZAHG4mLYJBcqG/lhu/ExMWT6bsEo3vq8ppFE6shQxR75OK0f8AEj3h12kS/iAqQz8IUzr+NG3lKvSra1g==",
			"license": "MIT",
			"dependencies": {
				"@microsoft/applicationinsights-channel-js": "3.3.6",
				"@microsoft/applicationinsights-common": "3.3.6",
				"@microsoft/applicationinsights-core-js": "3.3.6",
				"@microsoft/applicationinsights-shims": "3.0.1",
				"@microsoft/dynamicproto-js": "^2.0.3",
				"@nevware21/ts-async": ">= 0.5.4 < 2.x",
				"@nevware21/ts-utils": ">= 0.11.8 < 2.x"
			},
			"peerDependencies": {
				"tslib": ">= 1.0.0"
			}
		},
		"node_modules/@microsoft/dynamicproto-js": {
			"version": "2.0.3",
			"resolved": "https://registry.npmmirror.com/@microsoft/dynamicproto-js/-/dynamicproto-js-2.0.3.tgz",
			"integrity": "sha512-JTWTU80rMy3mdxOjjpaiDQsTLZ6YSGGqsjURsY6AUQtIj0udlF/jYmhdLZu8693ZIC0T1IwYnFa0+QeiMnziBA==",
			"license": "MIT",
			"dependencies": {
				"@nevware21/ts-utils": ">= 0.10.4 < 2.x"
			}
		},
		"node_modules/@nevware21/ts-async": {
			"version": "0.5.4",
			"resolved": "https://registry.npmmirror.com/@nevware21/ts-async/-/ts-async-0.5.4.tgz",
			"integrity": "sha512-IBTyj29GwGlxfzXw2NPnzty+w0Adx61Eze1/lknH/XIVdxtF9UnOpk76tnrHXWa6j84a1RR9hsOcHQPFv9qJjA==",
			"license": "MIT",
			"dependencies": {
				"@nevware21/ts-utils": ">= 0.11.6 < 2.x"
			}
		},
		"node_modules/@nevware21/ts-utils": {
			"version": "0.12.2",
			"resolved": "https://registry.npmmirror.com/@nevware21/ts-utils/-/ts-utils-0.12.2.tgz",
			"integrity": "sha512-wEJpAgVC9kac6mh2Oa2QIEoBy3ZgCJyl8qp8rfyT56xzRCNppYQ5nEGb58JLJA5s69U6TgkA9uq5QbQ/htmR/w==",
			"license": "MIT"
		},
		"node_modules/@socket.io/component-emitter": {
			"version": "3.1.2",
			"resolved": "https://registry.npmmirror.com/@socket.io/component-emitter/-/component-emitter-3.1.2.tgz",
			"integrity": "sha512-9BCxFwvbGg/RsZK9tjXd8s4UcwR0MWeFQ1XEKIQVVvAGJyINdrqKMcTRyLoK8Rse1GjzLV9cwjWV1olXRWEXVA==",
			"license": "MIT"
		},
		"node_modules/@types/node": {
			"version": "20.17.30",
			"resolved": "https://registry.npmmirror.com/@types/node/-/node-20.17.30.tgz",
			"integrity": "sha512-7zf4YyHA+jvBNfVrk2Gtvs6x7E8V+YDW05bNfG2XkWDJfYRXrTiP/DsB2zSYTaHX0bGIujTBQdMVAhb+j7mwpg==",
			"license": "MIT",
			"dependencies": {
				"undici-types": "~6.19.2"
			}
		},
		"node_modules/@vscode/extension-telemetry": {
			"version": "0.9.8",
			"resolved": "https://registry.npmmirror.com/@vscode/extension-telemetry/-/extension-telemetry-0.9.8.tgz",
			"integrity": "sha512-7YcKoUvmHlIB8QYCE4FNzt3ErHi9gQPhdCM3ZWtpw1bxPT0I+lMdx52KHlzTNoJzQ2NvMX7HyzyDwBEiMgTrWQ==",
			"license": "MIT",
			"dependencies": {
				"@microsoft/1ds-core-js": "^4.3.4",
				"@microsoft/1ds-post-js": "^4.3.4",
				"@microsoft/applicationinsights-web-basic": "^3.3.4"
			},
			"engines": {
				"vscode": "^1.75.0"
			}
		},
		"node_modules/debug": {
			"version": "4.3.7",
			"resolved": "https://registry.npmmirror.com/debug/-/debug-4.3.7.tgz",
			"integrity": "sha512-Er2nc/H7RrMXZBFCEim6TCmMk02Z8vLC2Rbi1KEBggpo0fS6l0S1nnapwmIi3yW/+GOJap1Krg4w0Hg80oCqgQ==",
			"license": "MIT",
			"dependencies": {
				"ms": "^2.1.3"
			},
			"engines": {
				"node": ">=6.0"
			},
			"peerDependenciesMeta": {
				"supports-color": {
					"optional": true
				}
			}
		},
		"node_modules/engine.io-client": {
			"version": "6.6.3",
			"resolved": "https://registry.npmmirror.com/engine.io-client/-/engine.io-client-6.6.3.tgz",
			"integrity": "sha512-T0iLjnyNWahNyv/lcjS2y4oE358tVS/SYQNxYXGAJ9/GLgH4VCvOQ/mhTjqU88mLZCQgiG8RIegFHYCdVC+j5w==",
			"license": "MIT",
			"dependencies": {
				"@socket.io/component-emitter": "~3.1.0",
				"debug": "~4.3.1",
				"engine.io-parser": "~5.2.1",
				"ws": "~8.17.1",
				"xmlhttprequest-ssl": "~2.1.1"
			}
		},
		"node_modules/engine.io-client/node_modules/ws": {
			"version": "8.17.1",
			"resolved": "https://registry.npmmirror.com/ws/-/ws-8.17.1.tgz",
			"integrity": "sha512-6XQFvXTkbfUOZOKKILFG1PDK2NDQs4azKQl26T0YS5CxqWLgXajbPZ+h4gZekJyRqFU8pvnbAbbs/3TgRPy+GQ==",
			"license": "MIT",
			"engines": {
				"node": ">=10.0.0"
			},
			"peerDependencies": {
				"bufferutil": "^4.0.1",
				"utf-8-validate": ">=5.0.2"
			},
			"peerDependenciesMeta": {
				"bufferutil": {
					"optional": true
				},
				"utf-8-validate": {
					"optional": true
				}
			}
		},
		"node_modules/engine.io-parser": {
			"version": "5.2.3",
			"resolved": "https://registry.npmmirror.com/engine.io-parser/-/engine.io-parser-5.2.3.tgz",
			"integrity": "sha512-HqD3yTBfnBxIrbnM1DoD6Pcq8NECnh8d4As1Qgh0z5Gg3jRRIqijury0CL3ghu/edArpUYiYqQiDUQBIs4np3Q==",
			"license": "MIT",
			"engines": {
				"node": ">=10.0.0"
			}
		},
		"node_modules/ms": {
			"version": "2.1.3",
			"resolved": "https://registry.npmmirror.com/ms/-/ms-2.1.3.tgz",
			"integrity": "sha512-6FlzubTLZG3J2a/NVCAleEhjzq5oxgHyaCU9yYXvcLsvoVaHJq/s5xXI6/XXP6tz7R9xAOtHnSO/tXtF3WRTlA==",
			"license": "MIT"
		},
		"node_modules/node-fetch": {
			"version": "2.6.7",
			"resolved": "https://registry.npmmirror.com/node-fetch/-/node-fetch-2.6.7.tgz",
			"integrity": "sha512-ZjMPFEfVx5j+y2yF35Kzx5sF7kDzxuDj6ziH4FFbOp87zKDZNx8yExJIb05OGF4Nlt9IHFIMBkRl41VdvcNdbQ==",
			"license": "MIT",
			"dependencies": {
				"whatwg-url": "^5.0.0"
			},
			"engines": {
				"node": "4.x || >=6.0.0"
			},
			"peerDependencies": {
				"encoding": "^0.1.0"
			},
			"peerDependenciesMeta": {
				"encoding": {
					"optional": true
				}
			}
		},
		"node_modules/socket.io-client": {
			"version": "4.8.1",
			"resolved": "https://registry.npmmirror.com/socket.io-client/-/socket.io-client-4.8.1.tgz",
			"integrity": "sha512-hJVXfu3E28NmzGk8o1sHhN3om52tRvwYeidbj7xKy2eIIse5IoKX3USlS6Tqt3BHAtflLIkCQBkzVrEEfWUyYQ==",
			"license": "MIT",
			"dependencies": {
				"@socket.io/component-emitter": "~3.1.0",
				"debug": "~4.3.2",
				"engine.io-client": "~6.6.1",
				"socket.io-parser": "~4.2.4"
			},
			"engines": {
				"node": ">=10.0.0"
			}
		},
		"node_modules/socket.io-parser": {
			"version": "4.2.4",
			"resolved": "https://registry.npmmirror.com/socket.io-parser/-/socket.io-parser-4.2.4.tgz",
			"integrity": "sha512-/GbIKmo8ioc+NIWIhwdecY0ge+qVBSMdgxGygevmdHj24bsfgtCmcUUcQ5ZzcylGFHsN3k4HB4Cgkl96KVnuew==",
			"license": "MIT",
			"dependencies": {
				"@socket.io/component-emitter": "~3.1.0",
				"debug": "~4.3.1"
			},
			"engines": {
				"node": ">=10.0.0"
			}
		},
		"node_modules/tas-client": {
			"version": "0.2.33",
			"resolved": "https://registry.npmmirror.com/tas-client/-/tas-client-0.2.33.tgz",
			"integrity": "sha512-V+uqV66BOQnWxvI6HjDnE4VkInmYZUQ4dgB7gzaDyFyFSK1i1nF/j7DpS9UbQAgV9NaF1XpcyuavnM1qOeiEIg==",
			"license": "MIT"
		},
		"node_modules/tr46": {
			"version": "0.0.3",
			"resolved": "https://registry.npmmirror.com/tr46/-/tr46-0.0.3.tgz",
			"integrity": "sha512-N3WMsuqV66lT30CrXNbEjx4GEwlow3v6rr4mCcv6prnfwhS01rkgyFdjPNBYd9br7LpXV1+Emh01fHnq2Gdgrw==",
			"license": "MIT"
		},
		"node_modules/tslib": {
			"version": "2.8.1",
			"resolved": "https://registry.npmmirror.com/tslib/-/tslib-2.8.1.tgz",
			"integrity": "sha512-oJFu94HQb+KVduSUQL7wnpmqnfmLsOA/nAh6b6EH0wCEoK0/mPeXU6c3wKDV83MkOuHPRHtSXKKU99IBazS/2w==",
			"license": "0BSD"
		},
		"node_modules/undici-types": {
			"version": "6.19.8",
			"resolved": "https://registry.npmmirror.com/undici-types/-/undici-types-6.19.8.tgz",
			"integrity": "sha512-ve2KP6f/JnbPBFyobGHuerC9g1FYGn/F8n1LWTwNxCEzd6IfqTwUQcNXgEtmmQ6DlRrC1hrSrBnCZPokRrDHjw==",
			"license": "MIT"
		},
		"node_modules/vscode-tas-client": {
			"version": "0.1.84",
			"resolved": "https://registry.npmmirror.com/vscode-tas-client/-/vscode-tas-client-0.1.84.tgz",
			"integrity": "sha512-rUTrUopV+70hvx1hW5ebdw1nd6djxubkLvVxjGdyD/r5v/wcVF41LIfiAtbm5qLZDtQdsMH1IaCuDoluoIa88w==",
			"license": "MIT",
			"dependencies": {
				"tas-client": "0.2.33"
			},
			"engines": {
				"vscode": "^1.85.0"
			}
		},
		"node_modules/webidl-conversions": {
			"version": "3.0.1",
			"resolved": "https://registry.npmmirror.com/webidl-conversions/-/webidl-conversions-3.0.1.tgz",
			"integrity": "sha512-2JAn3z8AR6rjK8Sm8orRC0h/bcl/DqL7tRPdGZ4I1CjdF+EaMLmYxBHyXuKL849eucPFhvBoxMsflfOb8kxaeQ==",
			"license": "BSD-2-Clause"
		},
		"node_modules/whatwg-url": {
			"version": "5.0.0",
			"resolved": "https://registry.npmmirror.com/whatwg-url/-/whatwg-url-5.0.0.tgz",
			"integrity": "sha512-saE57nupxk6v3HY35+jzBwYa0rKSy0XR8JSxZPwgLr7ys0IBzhGviA1/TUGJLmSVqs8pb9AnvICXEuOHLprYTw==",
			"license": "MIT",
			"dependencies": {
				"tr46": "~0.0.3",
				"webidl-conversions": "^3.0.0"
			}
		},
		"node_modules/xmlhttprequest-ssl": {
			"version": "2.1.2",
			"resolved": "https://registry.npmmirror.com/xmlhttprequest-ssl/-/xmlhttprequest-ssl-2.1.2.tgz",
			"integrity": "sha512-TEU+nJVUUnA4CYJFLvK5X9AOeH4KvDvhIfm0vV1GaQRtchnG0hgK5p8hw/xjv8cunWYCsiPCSDzObPyhEwq3KQ==",
			"engines": {
				"node": ">=0.4.0"
			}
		}
	}
}
